
Microsoft Visual Studio Solution File, Format Version 12.00
# Visual Studio Version 16
VisualStudioVersion = 16.0.32929.386
MinimumVisualStudioVersion = 10.0.40219.1
Project("{FAE04EC0-301F-11D3-BF4B-00C04F79EFBC}") = "NewEnglishMegaProject", "NewEnglishMegaProject\NewEnglishMegaProject.csproj", "{2559FB79-DF30-4B14-8AE4-BAF88D09654B}"
EndProject
Global
	GlobalSection(SolutionConfigurationPlatforms) = preSolution
		Debug|Any CPU = Debug|Any CPU
		Release|Any CPU = Release|Any CPU
	EndGlobalSection
	GlobalSection(ProjectConfigurationPlatforms) = postSolution
		{2559FB79-DF30-4B14-8AE4-BAF88D09654B}.Debug|Any CPU.ActiveCfg = Debug|Any CPU
		{2559FB79-DF30-4B14-8AE4-BAF88D09654B}.Debug|Any CPU.Build.0 = Debug|Any CPU
		{2559FB79-DF30-4B14-8AE4-BAF88D09654B}.Release|Any CPU.ActiveCfg = Release|Any CPU
		{2559FB79-DF30-4B14-8AE4-BAF88D09654B}.Release|Any CPU.Build.0 = Release|Any CPU
	EndGlobalSection
	GlobalSection(SolutionProperties) = preSolution
		HideSolutionNode = FALSE
	EndGlobalSection
	GlobalSection(ExtensibilityGlobals) = postSolution
		SolutionGuid = {9F0D4D15-FBA9-4E7C-A07A-80AC485AFD29}
	EndGlobalSection
EndGlobal
